// !$*UTF8*$!
{
	archiveVersion = 1;
	classes = {
	};
	objectVersion = 56;
	objects = {

/* Begin PBXBuildFile section */
		80AAB4AA2A00481600AF745F /* FinalProjectApp.swift in Sources */ = {isa = PBXBuildFile; fileRef = 80AAB4A92A00481600AF745F /* FinalProjectApp.swift */; };
		80AAB4AE2A00481800AF745F /* Assets.xcassets in Resources */ = {isa = PBXBuildFile; fileRef = 80AAB4AD2A00481800AF745F /* Assets.xcassets */; };
		80AAB4B12A00481800AF745F /* Preview Assets.xcassets in Resources */ = {isa = PBXBuildFile; fileRef = 80AAB4B02A00481800AF745F /* Preview Assets.xcassets */; };
		80AAB4B62A00481800AF745F /* FinalProject.xcdatamodeld in Sources */ = {isa = PBXBuildFile; fileRef = 80AAB4B42A00481800AF745F /* FinalProject.xcdatamodeld */; };
		80AAB4C02A00481800AF745F /* FinalProjectTests.swift in Sources */ = {isa = PBXBuildFile; fileRef = 80AAB4BF2A00481800AF745F /* FinalProjectTests.swift */; };
		80AAB4CA2A00481800AF745F /* FinalProjectUITests.swift in Sources */ = {isa = PBXBuildFile; fileRef = 80AAB4C92A00481800AF745F /* FinalProjectUITests.swift */; };
		80AAB4CC2A00481800AF745F /* FinalProjectUITestsLaunchTests.swift in Sources */ = {isa = PBXBuildFile; fileRef = 80AAB4CB2A00481800AF745F /* FinalProjectUITestsLaunchTests.swift */; };
		80AAB4DC2A00485E00AF745F /* LoginView.swift in Sources */ = {isa = PBXBuildFile; fileRef = 80AAB4DB2A00485E00AF745F /* LoginView.swift */; };
		80AAB4DE2A004A8000AF745F /* CoreDataModel.swift in Sources */ = {isa = PBXBuildFile; fileRef = 80AAB4DD2A004A8000AF745F /* CoreDataModel.swift */; };
		80AAB4E02A004CFA00AF745F /* RegisterUserView.swift in Sources */ = {isa = PBXBuildFile; fileRef = 80AAB4DF2A004CFA00AF745F /* RegisterUserView.swift */; };
		80AAB4E22A0164A800AF745F /* LoginViewModel.swift in Sources */ = {isa = PBXBuildFile; fileRef = 80AAB4E12A0164A800AF745F /* LoginViewModel.swift */; };
		80AAB4E42A016D6600AF745F /* PostsView.swift in Sources */ = {isa = PBXBuildFile; fileRef = 80AAB4E32A016D6600AF745F /* PostsView.swift */; };
		80AAB4E72A018E5900AF745F /* NetworkManager.swift in Sources */ = {isa = PBXBuildFile; fileRef = 80AAB4E62A018E5900AF745F /* NetworkManager.swift */; };
		80AAB4E92A01933900AF745F /* PostViewModel.swift in Sources */ = {isa = PBXBuildFile; fileRef = 80AAB4E82A01933900AF745F /* PostViewModel.swift */; };
		80AAB4EB2A0193AE00AF745F /* PostModel.swift in Sources */ = {isa = PBXBuildFile; fileRef = 80AAB4EA2A0193AE00AF745F /* PostModel.swift */; };
		80AAB4ED2A02E0BD00AF745F /* CommentsViewModel.swift in Sources */ = {isa = PBXBuildFile; fileRef = 80AAB4EC2A02E0BD00AF745F /* CommentsViewModel.swift */; };
		80AAB4EF2A02E0FA00AF745F /* CommentsModel.swift in Sources */ = {isa = PBXBuildFile; fileRef = 80AAB4EE2A02E0FA00AF745F /* CommentsModel.swift */; };
		80AAB4F12A02E21100AF745F /* CommentsView.swift in Sources */ = {isa = PBXBuildFile; fileRef = 80AAB4F02A02E21100AF745F /* CommentsView.swift */; };
		80AAB4F32A02EC3C00AF745F /* PhotosModel.swift in Sources */ = {isa = PBXBuildFile; fileRef = 80AAB4F22A02EC3C00AF745F /* PhotosModel.swift */; };
		80AAB4F52A02EC7A00AF745F /* PhotosViewModel.swift in Sources */ = {isa = PBXBuildFile; fileRef = 80AAB4F42A02EC7A00AF745F /* PhotosViewModel.swift */; };
		80AAB4F72A02ED7D00AF745F /* PhotosView.swift in Sources */ = {isa = PBXBuildFile; fileRef = 80AAB4F62A02ED7D00AF745F /* PhotosView.swift */; };
/* End PBXBuildFile section */

/* Begin PBXContainerItemProxy section */
		80AAB4BC2A00481800AF745F /* PBXContainerItemProxy */ = {
			isa = PBXContainerItemProxy;
			containerPortal = 80AAB49E2A00481600AF745F /* Project object */;
			proxyType = 1;
			remoteGlobalIDString = 80AAB4A52A00481600AF745F;
			remoteInfo = FinalProject;
		};
		80AAB4C62A00481800AF745F /* PBXContainerItemProxy */ = {
			isa = PBXContainerItemProxy;
			containerPortal = 80AAB49E2A00481600AF745F /* Project object */;
			proxyType = 1;
			remoteGlobalIDString = 80AAB4A52A00481600AF745F;
			remoteInfo = FinalProject;
		};
/* End PBXContainerItemProxy section */

/* Begin PBXFileReference section */
		80AAB4A62A00481600AF745F /* FinalProject.app */ = {isa = PBXFileReference; explicitFileType = wrapper.application; includeInIndex = 0; path = FinalProject.app; sourceTree = BUILT_PRODUCTS_DIR; };
		80AAB4A92A00481600AF745F /* FinalProjectApp.swift */ = {isa = PBXFileReference; lastKnownFileType = sourcecode.swift; path = FinalProjectApp.swift; sourceTree = "<group>"; };
		80AAB4AD2A00481800AF745F /* Assets.xcassets */ = {isa = PBXFileReference; lastKnownFileType = folder.assetcatalog; path = Assets.xcassets; sourceTree = "<group>"; };
		80AAB4B02A00481800AF745F /* Preview Assets.xcassets */ = {isa = PBXFileReference; lastKnownFileType = folder.assetcatalog; path = "Preview Assets.xcassets"; sourceTree = "<group>"; };
		80AAB4B52A00481800AF745F /* FinalProject.xcdatamodel */ = {isa = PBXFileReference; lastKnownFileType = wrapper.xcdatamodel; path = FinalProject.xcdatamodel; sourceTree = "<group>"; };
		80AAB4BB2A00481800AF745F /* FinalProjectTests.xctest */ = {isa = PBXFileReference; explicitFileType = wrapper.cfbundle; includeInIndex = 0; path = FinalProjectTests.xctest; sourceTree = BUILT_PRODUCTS_DIR; };
		80AAB4BF2A00481800AF745F /* FinalProjectTests.swift */ = {isa = PBXFileReference; lastKnownFileType = sourcecode.swift; path = FinalProjectTests.swift; sourceTree = "<group>"; };
		80AAB4C52A00481800AF745F /* FinalProjectUITests.xctest */ = {isa = PBXFileReference; explicitFileType = wrapper.cfbundle; includeInIndex = 0; path = FinalProjectUITests.xctest; sourceTree = BUILT_PRODUCTS_DIR; };
		80AAB4C92A00481800AF745F /* FinalProjectUITests.swift */ = {isa = PBXFileReference; lastKnownFileType = sourcecode.swift; path = FinalProjectUITests.swift; sourceTree = "<group>"; };
		80AAB4CB2A00481800AF745F /* FinalProjectUITestsLaunchTests.swift */ = {isa = PBXFileReference; lastKnownFileType = sourcecode.swift; path = FinalProjectUITestsLaunchTests.swift; sourceTree = "<group>"; };
		80AAB4DB2A00485E00AF745F /* LoginView.swift */ = {isa = PBXFileReference; lastKnownFileType = sourcecode.swift; path = LoginView.swift; sourceTree = "<group>"; };
		80AAB4DD2A004A8000AF745F /* CoreDataModel.swift */ = {isa = PBXFileReference; lastKnownFileType = sourcecode.swift; path = CoreDataModel.swift; sourceTree = "<group>"; };
		80AAB4DF2A004CFA00AF745F /* RegisterUserView.swift */ = {isa = PBXFileReference; lastKnownFileType = sourcecode.swift; path = RegisterUserView.swift; sourceTree = "<group>"; };
		80AAB4E12A0164A800AF745F /* LoginViewModel.swift */ = {isa = PBXFileReference; lastKnownFileType = sourcecode.swift; path = LoginViewModel.swift; sourceTree = "<group>"; };
		80AAB4E32A016D6600AF745F /* PostsView.swift */ = {isa = PBXFileReference; lastKnownFileType = sourcecode.swift; path = PostsView.swift; sourceTree = "<group>"; };
		80AAB4E62A018E5900AF745F /* NetworkManager.swift */ = {isa = PBXFileReference; lastKnownFileType = sourcecode.swift; path = NetworkManager.swift; sourceTree = "<group>"; };
		80AAB4E82A01933900AF745F /* PostViewModel.swift */ = {isa = PBXFileReference; lastKnownFileType = sourcecode.swift; path = PostViewModel.swift; sourceTree = "<group>"; };
		80AAB4EA2A0193AE00AF745F /* PostModel.swift */ = {isa = PBXFileReference; lastKnownFileType = sourcecode.swift; path = PostModel.swift; sourceTree = "<group>"; };
		80AAB4EC2A02E0BD00AF745F /* CommentsViewModel.swift */ = {isa = PBXFileReference; lastKnownFileType = sourcecode.swift; path = CommentsViewModel.swift; sourceTree = "<group>"; };
		80AAB4EE2A02E0FA00AF745F /* CommentsModel.swift */ = {isa = PBXFileReference; lastKnownFileType = sourcecode.swift; path = CommentsModel.swift; sourceTree = "<group>"; };
		80AAB4F02A02E21100AF745F /* CommentsView.swift */ = {isa = PBXFileReference; lastKnownFileType = sourcecode.swift; path = CommentsView.swift; sourceTree = "<group>"; };
		80AAB4F22A02EC3C00AF745F /* PhotosModel.swift */ = {isa = PBXFileReference; lastKnownFileType = sourcecode.swift; path = PhotosModel.swift; sourceTree = "<group>"; };
		80AAB4F42A02EC7A00AF745F /* PhotosViewModel.swift */ = {isa = PBXFileReference; lastKnownFileType = sourcecode.swift; path = PhotosViewModel.swift; sourceTree = "<group>"; };
		80AAB4F62A02ED7D00AF745F /* PhotosView.swift */ = {isa = PBXFileReference; lastKnownFileType = sourcecode.swift; path = PhotosView.swift; sourceTree = "<group>"; };
/* End PBXFileReference section */

/* Begin PBXFrameworksBuildPhase section */
		80AAB4A32A00481600AF745F /* Frameworks */ = {
			isa = PBXFrameworksBuildPhase;
			buildActionMask = 2147483647;
			files = (
			);
			runOnlyForDeploymentPostprocessing = 0;
		};
		80AAB4B82A00481800AF745F /* Frameworks */ = {
			isa = PBXFrameworksBuildPhase;
			buildActionMask = 2147483647;
			files = (
			);
			runOnlyForDeploymentPostprocessing = 0;
		};
		80AAB4C22A00481800AF745F /* Frameworks */ = {
			isa = PBXFrameworksBuildPhase;
			buildActionMask = 2147483647;
			files = (
			);
			runOnlyForDeploymentPostprocessing = 0;
		};
/* End PBXFrameworksBuildPhase section */

/* Begin PBXGroup section */
		80AAB49D2A00481600AF745F = {
			isa = PBXGroup;
			children = (
				80AAB4A82A00481600AF745F /* FinalProject */,
				80AAB4BE2A00481800AF745F /* FinalProjectTests */,
				80AAB4C82A00481800AF745F /* FinalProjectUITests */,
				80AAB4A72A00481600AF745F /* Products */,
			);
			sourceTree = "<group>";
		};
		80AAB4A72A00481600AF745F /* Products */ = {
			isa = PBXGroup;
			children = (
				80AAB4A62A00481600AF745F /* FinalProject.app */,
				80AAB4BB2A00481800AF745F /* FinalProjectTests.xctest */,
				80AAB4C52A00481800AF745F /* FinalProjectUITests.xctest */,
			);
			name = Products;
			sourceTree = "<group>";
		};
		80AAB4A82A00481600AF745F /* FinalProject */ = {
			isa = PBXGroup;
			children = (
				80AAB4A92A00481600AF745F /* FinalProjectApp.swift */,
				80AAB4E52A018E4A00AF745F /* Managers */,
				80AAB4DA2A00483D00AF745F /* Model */,
				80AAB4D92A00483800AF745F /* View */,
				80AAB4D82A00483200AF745F /* ViewModel */,
				80AAB4AD2A00481800AF745F /* Assets.xcassets */,
				80AAB4B42A00481800AF745F /* FinalProject.xcdatamodeld */,
				80AAB4AF2A00481800AF745F /* Preview Content */,
			);
			path = FinalProject;
			sourceTree = "<group>";
		};
		80AAB4AF2A00481800AF745F /* Preview Content */ = {
			isa = PBXGroup;
			children = (
				80AAB4B02A00481800AF745F /* Preview Assets.xcassets */,
			);
			path = "Preview Content";
			sourceTree = "<group>";
		};
		80AAB4BE2A00481800AF745F /* FinalProjectTests */ = {
			isa = PBXGroup;
			children = (
				80AAB4BF2A00481800AF745F /* FinalProjectTests.swift */,
			);
			path = FinalProjectTests;
			sourceTree = "<group>";
		};
		80AAB4C82A00481800AF745F /* FinalProjectUITests */ = {
			isa = PBXGroup;
			children = (
				80AAB4C92A00481800AF745F /* FinalProjectUITests.swift */,
				80AAB4CB2A00481800AF745F /* FinalProjectUITestsLaunchTests.swift */,
			);
			path = FinalProjectUITests;
			sourceTree = "<group>";
		};
		80AAB4D82A00483200AF745F /* ViewModel */ = {
			isa = PBXGroup;
			children = (
				80AAB4E12A0164A800AF745F /* LoginViewModel.swift */,
				80AAB4DD2A004A8000AF745F /* CoreDataModel.swift */,
				80AAB4E82A01933900AF745F /* PostViewModel.swift */,
				80AAB4EC2A02E0BD00AF745F /* CommentsViewModel.swift */,
				80AAB4F42A02EC7A00AF745F /* PhotosViewModel.swift */,
			);
			path = ViewModel;
			sourceTree = "<group>";
		};
		80AAB4D92A00483800AF745F /* View */ = {
			isa = PBXGroup;
			children = (
				80AAB4DB2A00485E00AF745F /* LoginView.swift */,
				80AAB4DF2A004CFA00AF745F /* RegisterUserView.swift */,
				80AAB4E32A016D6600AF745F /* PostsView.swift */,
				80AAB4F02A02E21100AF745F /* CommentsView.swift */,
				80AAB4F62A02ED7D00AF745F /* PhotosView.swift */,
			);
			path = View;
			sourceTree = "<group>";
		};
		80AAB4DA2A00483D00AF745F /* Model */ = {
			isa = PBXGroup;
			children = (
				80AAB4EA2A0193AE00AF745F /* PostModel.swift */,
				80AAB4EE2A02E0FA00AF745F /* CommentsModel.swift */,
				80AAB4F22A02EC3C00AF745F /* PhotosModel.swift */,
			);
			path = Model;
			sourceTree = "<group>";
		};
		80AAB4E52A018E4A00AF745F /* Managers */ = {
			isa = PBXGroup;
			children = (
				80AAB4E62A018E5900AF745F /* NetworkManager.swift */,
			);
			path = Managers;
			sourceTree = "<group>";
		};
/* End PBXGroup section */

/* Begin PBXNativeTarget section */
		80AAB4A52A00481600AF745F /* FinalProject */ = {
			isa = PBXNativeTarget;
			buildConfigurationList = 80AAB4CF2A00481800AF745F /* Build configuration list for PBXNativeTarget "FinalProject" */;
			buildPhases = (
				80AAB4A22A00481600AF745F /* Sources */,
				80AAB4A32A00481600AF745F /* Frameworks */,
				80AAB4A42A00481600AF745F /* Resources */,
			);
			buildRules = (
			);
			dependencies = (
			);
			name = FinalProject;
			productName = FinalProject;
			productReference = 80AAB4A62A00481600AF745F /* FinalProject.app */;
			productType = "com.apple.product-type.application";
		};
		80AAB4BA2A00481800AF745F /* FinalProjectTests */ = {
			isa = PBXNativeTarget;
			buildConfigurationList = 80AAB4D22A00481800AF745F /* Build configuration list for PBXNativeTarget "FinalProjectTests" */;
			buildPhases = (
				80AAB4B72A00481800AF745F /* Sources */,
				80AAB4B82A00481800AF745F /* Frameworks */,
				80AAB4B92A00481800AF745F /* Resources */,
			);
			buildRules = (
			);
			dependencies = (
				80AAB4BD2A00481800AF745F /* PBXTargetDependency */,
			);
			name = FinalProjectTests;
			productName = FinalProjectTests;
			productReference = 80AAB4BB2A00481800AF745F /* FinalProjectTests.xctest */;
			productType = "com.apple.product-type.bundle.unit-test";
		};
		80AAB4C42A00481800AF745F /* FinalProjectUITests */ = {
			isa = PBXNativeTarget;
			buildConfigurationList = 80AAB4D52A00481800AF745F /* Build configuration list for PBXNativeTarget "FinalProjectUITests" */;
			buildPhases = (
				80AAB4C12A00481800AF745F /* Sources */,
				80AAB4C22A00481800AF745F /* Frameworks */,
				80AAB4C32A00481800AF745F /* Resources */,
			);
			buildRules = (
			);
			dependencies = (
				80AAB4C72A00481800AF745F /* PBXTargetDependency */,
			);
			name = FinalProjectUITests;
			productName = FinalProjectUITests;
			productReference = 80AAB4C52A00481800AF745F /* FinalProjectUITests.xctest */;
			productType = "com.apple.product-type.bundle.ui-testing";
		};
/* End PBXNativeTarget section */

/* Begin PBXProject section */
		80AAB49E2A00481600AF745F /* Project object */ = {
			isa = PBXProject;
			attributes = {
				BuildIndependentTargetsInParallel = 1;
				LastSwiftUpdateCheck = 1430;
				LastUpgradeCheck = 1430;
				TargetAttributes = {
					80AAB4A52A00481600AF745F = {
						CreatedOnToolsVersion = 14.3;
					};
					80AAB4BA2A00481800AF745F = {
						CreatedOnToolsVersion = 14.3;
						TestTargetID = 80AAB4A52A00481600AF745F;
					};
					80AAB4C42A00481800AF745F = {
						CreatedOnToolsVersion = 14.3;
						TestTargetID = 80AAB4A52A00481600AF745F;
					};
				};
			};
			buildConfigurationList = 80AAB4A12A00481600AF745F /* Build configuration list for PBXProject "FinalProject" */;
			compatibilityVersion = "Xcode 14.0";
			developmentRegion = en;
			hasScannedForEncodings = 0;
			knownRegions = (
				en,
				Base,
			);
			mainGroup = 80AAB49D2A00481600AF745F;
			productRefGroup = 80AAB4A72A00481600AF745F /* Products */;
			projectDirPath = "";
			projectRoot = "";
			targets = (
				80AAB4A52A00481600AF745F /* FinalProject */,
				80AAB4BA2A00481800AF745F /* FinalProjectTests */,
				80AAB4C42A00481800AF745F /* FinalProjectUITests */,
			);
		};
/* End PBXProject section */

/* Begin PBXResourcesBuildPhase section */
		80AAB4A42A00481600AF745F /* Resources */ = {
			isa = PBXResourcesBuildPhase;
			buildActionMask = 2147483647;
			files = (
				80AAB4B12A00481800AF745F /* Preview Assets.xcassets in Resources */,
				80AAB4AE2A00481800AF745F /* Assets.xcassets in Resources */,
			);
			runOnlyForDeploymentPostprocessing = 0;
		};
		80AAB4B92A00481800AF745F /* Resources */ = {
			isa = PBXResourcesBuildPhase;
			buildActionMask = 2147483647;
			files = (
			);
			runOnlyForDeploymentPostprocessing = 0;
		};
		80AAB4C32A00481800AF745F /* Resources */ = {
			isa = PBXResourcesBuildPhase;
			buildActionMask = 2147483647;
			files = (
			);
			runOnlyForDeploymentPostprocessing = 0;
		};
/* End PBXResourcesBuildPhase section */

/* Begin PBXSourcesBuildPhase section */
		80AAB4A22A00481600AF745F /* Sources */ = {
			isa = PBXSourcesBuildPhase;
			buildActionMask = 2147483647;
			files = (
				80AAB4F32A02EC3C00AF745F /* PhotosModel.swift in Sources */,
				80AAB4DE2A004A8000AF745F /* CoreDataModel.swift in Sources */,
				80AAB4EF2A02E0FA00AF745F /* CommentsModel.swift in Sources */,
				80AAB4F72A02ED7D00AF745F /* PhotosView.swift in Sources */,
				80AAB4EB2A0193AE00AF745F /* PostModel.swift in Sources */,
				80AAB4E42A016D6600AF745F /* PostsView.swift in Sources */,
				80AAB4E02A004CFA00AF745F /* RegisterUserView.swift in Sources */,
				80AAB4E22A0164A800AF745F /* LoginViewModel.swift in Sources */,
				80AAB4E72A018E5900AF745F /* NetworkManager.swift in Sources */,
				80AAB4B62A00481800AF745F /* FinalProject.xcdatamodeld in Sources */,
				80AAB4ED2A02E0BD00AF745F /* CommentsViewModel.swift in Sources */,
				80AAB4E92A01933900AF745F /* PostViewModel.swift in Sources */,
				80AAB4F12A02E21100AF745F /* CommentsView.swift in Sources */,
				80AAB4F52A02EC7A00AF745F /* PhotosViewModel.swift in Sources */,
				80AAB4DC2A00485E00AF745F /* LoginView.swift in Sources */,
				80AAB4AA2A00481600AF745F /* FinalProjectApp.swift in Sources */,
			);
			runOnlyForDeploymentPostprocessing = 0;
		};
		80AAB4B72A00481800AF745F /* Sources */ = {
			isa = PBXSourcesBuildPhase;
			buildActionMask = 2147483647;
			files = (
				80AAB4C02A00481800AF745F /* FinalProjectTests.swift in Sources */,
			);
			runOnlyForDeploymentPostprocessing = 0;
		};
		80AAB4C12A00481800AF745F /* Sources */ = {
			isa = PBXSourcesBuildPhase;
			buildActionMask = 2147483647;
			files = (
				80AAB4CA2A00481800AF745F /* FinalProjectUITests.swift in Sources */,
				80AAB4CC2A00481800AF745F /* FinalProjectUITestsLaunchTests.swift in Sources */,
			);
			runOnlyForDeploymentPostprocessing = 0;
		};
/* End PBXSourcesBuildPhase section */

/* Begin PBXTargetDependency section */
		80AAB4BD2A00481800AF745F /* PBXTargetDependency */ = {
			isa = PBXTargetDependency;
			target = 80AAB4A52A00481600AF745F /* FinalProject */;
			targetProxy = 80AAB4BC2A00481800AF745F /* PBXContainerItemProxy */;
		};
		80AAB4C72A00481800AF745F /* PBXTargetDependency */ = {
			isa = PBXTargetDependency;
			target = 80AAB4A52A00481600AF745F /* FinalProject */;
			targetProxy = 80AAB4C62A00481800AF745F /* PBXContainerItemProxy */;
		};
/* End PBXTargetDependency section */

/* Begin XCBuildConfiguration section */
		80AAB4CD2A00481800AF745F /* Debug */ = {
			isa = XCBuildConfiguration;
			buildSettings = {
				ALWAYS_SEARCH_USER_PATHS = NO;
				CLANG_ANALYZER_NONNULL = YES;
				CLANG_ANALYZER_NUMBER_OBJECT_CONVERSION = YES_AGGRESSIVE;
				CLANG_CXX_LANGUAGE_STANDARD = "gnu++20";
				CLANG_ENABLE_MODULES = YES;
				CLANG_ENABLE_OBJC_ARC = YES;
				CLANG_ENABLE_OBJC_WEAK = YES;
				CLANG_WARN_BLOCK_CAPTURE_AUTORELEASING = YES;
				CLANG_WARN_BOOL_CONVERSION = YES;
				CLANG_WARN_COMMA = YES;
				CLANG_WARN_CONSTANT_CONVERSION = YES;
				CLANG_WARN_DEPRECATED_OBJC_IMPLEMENTATIONS = YES;
				CLANG_WARN_DIRECT_OBJC_ISA_USAGE = YES_ERROR;
				CLANG_WARN_DOCUMENTATION_COMMENTS = YES;
				CLANG_WARN_EMPTY_BODY = YES;
				CLANG_WARN_ENUM_CONVERSION = YES;
				CLANG_WARN_INFINITE_RECURSION = YES;
				CLANG_WARN_INT_CONVERSION = YES;
				CLANG_WARN_NON_LITERAL_NULL_CONVERSION = YES;
				CLANG_WARN_OBJC_IMPLICIT_RETAIN_SELF = YES;
				CLANG_WARN_OBJC_LITERAL_CONVERSION = YES;
				CLANG_WARN_OBJC_ROOT_CLASS = YES_ERROR;
				CLANG_WARN_QUOTED_INCLUDE_IN_FRAMEWORK_HEADER = YES;
				CLANG_WARN_RANGE_LOOP_ANALYSIS = YES;
				CLANG_WARN_STRICT_PROTOTYPES = YES;
				CLANG_WARN_SUSPICIOUS_MOVE = YES;
				CLANG_WARN_UNGUARDED_AVAILABILITY = YES_AGGRESSIVE;
				CLANG_WARN_UNREACHABLE_CODE = YES;
				CLANG_WARN__DUPLICATE_METHOD_MATCH = YES;
				COPY_PHASE_STRIP = NO;
				DEBUG_INFORMATION_FORMAT = dwarf;
				ENABLE_STRICT_OBJC_MSGSEND = YES;
				ENABLE_TESTABILITY = YES;
				GCC_C_LANGUAGE_STANDARD = gnu11;
				GCC_DYNAMIC_NO_PIC = NO;
				GCC_NO_COMMON_BLOCKS = YES;
				GCC_OPTIMIZATION_LEVEL = 0;
				GCC_PREPROCESSOR_DEFINITIONS = (
					"DEBUG=1",
					"$(inherited)",
				);
				GCC_WARN_64_TO_32_BIT_CONVERSION = YES;
				GCC_WARN_ABOUT_RETURN_TYPE = YES_ERROR;
				GCC_WARN_UNDECLARED_SELECTOR = YES;
				GCC_WARN_UNINITIALIZED_AUTOS = YES_AGGRESSIVE;
				GCC_WARN_UNUSED_FUNCTION = YES;
				GCC_WARN_UNUSED_VARIABLE = YES;
				IPHONEOS_DEPLOYMENT_TARGET = 16.4;
				MTL_ENABLE_DEBUG_INFO = INCLUDE_SOURCE;
				MTL_FAST_MATH = YES;
				ONLY_ACTIVE_ARCH = YES;
				SDKROOT = iphoneos;
				SWIFT_ACTIVE_COMPILATION_CONDITIONS = DEBUG;
				SWIFT_OPTIMIZATION_LEVEL = "-Onone";
			};
			name = Debug;
		};
		80AAB4CE2A00481800AF745F /* Release */ = {
			isa = XCBuildConfiguration;
			buildSettings = {
				ALWAYS_SEARCH_USER_PATHS = NO;
				CLANG_ANALYZER_NONNULL = YES;
				CLANG_ANALYZER_NUMBER_OBJECT_CONVERSION = YES_AGGRESSIVE;
				CLANG_CXX_LANGUAGE_STANDARD = "gnu++20";
				CLANG_ENABLE_MODULES = YES;
				CLANG_ENABLE_OBJC_ARC = YES;
				CLANG_ENABLE_OBJC_WEAK = YES;
				CLANG_WARN_BLOCK_CAPTURE_AUTORELEASING = YES;
				CLANG_WARN_BOOL_CONVERSION = YES;
				CLANG_WARN_COMMA = YES;
				CLANG_WARN_CONSTANT_CONVERSION = YES;
				CLANG_WARN_DEPRECATED_OBJC_IMPLEMENTATIONS = YES;
				CLANG_WARN_DIRECT_OBJC_ISA_USAGE = YES_ERROR;
				CLANG_WARN_DOCUMENTATION_COMMENTS = YES;
				CLANG_WARN_EMPTY_BODY = YES;
				CLANG_WARN_ENUM_CONVERSION = YES;
				CLANG_WARN_INFINITE_RECURSION = YES;
				CLANG_WARN_INT_CONVERSION = YES;
				CLANG_WARN_NON_LITERAL_NULL_CONVERSION = YES;
				CLANG_WARN_OBJC_IMPLICIT_RETAIN_SELF = YES;
				CLANG_WARN_OBJC_LITERAL_CONVERSION = YES;
				CLANG_WARN_OBJC_ROOT_CLASS = YES_ERROR;
				CLANG_WARN_QUOTED_INCLUDE_IN_FRAMEWORK_HEADER = YES;
				CLANG_WARN_RANGE_LOOP_ANALYSIS = YES;
				CLANG_WARN_STRICT_PROTOTYPES = YES;
				CLANG_WARN_SUSPICIOUS_MOVE = YES;
				CLANG_WARN_UNGUARDED_AVAILABILITY = YES_AGGRESSIVE;
				CLANG_WARN_UNREACHABLE_CODE = YES;
				CLANG_WARN__DUPLICATE_METHOD_MATCH = YES;
				COPY_PHASE_STRIP = NO;
				DEBUG_INFORMATION_FORMAT = "dwarf-with-dsym";
				ENABLE_NS_ASSERTIONS = NO;
				ENABLE_STRICT_OBJC_MSGSEND = YES;
				GCC_C_LANGUAGE_STANDARD = gnu11;
				GCC_NO_COMMON_BLOCKS = YES;
				GCC_WARN_64_TO_32_BIT_CONVERSION = YES;
				GCC_WARN_ABOUT_RETURN_TYPE = YES_ERROR;
				GCC_WARN_UNDECLARED_SELECTOR = YES;
				GCC_WARN_UNINITIALIZED_AUTOS = YES_AGGRESSIVE;
				GCC_WARN_UNUSED_FUNCTION = YES;
				GCC_WARN_UNUSED_VARIABLE = YES;
				IPHONEOS_DEPLOYMENT_TARGET = 16.4;
				MTL_ENABLE_DEBUG_INFO = NO;
				MTL_FAST_MATH = YES;
				SDKROOT = iphoneos;
				SWIFT_COMPILATION_MODE = wholemodule;
				SWIFT_OPTIMIZATION_LEVEL = "-O";
				VALIDATE_PRODUCT = YES;
			};
			name = Release;
		};
		80AAB4D02A00481800AF745F /* Debug */ = {
			isa = XCBuildConfiguration;
			buildSettings = {
				ASSETCATALOG_COMPILER_APPICON_NAME = AppIcon;
				ASSETCATALOG_COMPILER_GLOBAL_ACCENT_COLOR_NAME = AccentColor;
				CODE_SIGN_STYLE = Automatic;
				CURRENT_PROJECT_VERSION = 1;
				DEVELOPMENT_ASSET_PATHS = "\"FinalProject/Preview Content\"";
				DEVELOPMENT_TEAM = 33UFG9L9T6;
				ENABLE_PREVIEWS = YES;
				GENERATE_INFOPLIST_FILE = YES;
				INFOPLIST_KEY_UIApplicationSceneManifest_Generation = YES;
				INFOPLIST_KEY_UIApplicationSupportsIndirectInputEvents = YES;
				INFOPLIST_KEY_UILaunchScreen_Generation = YES;
				INFOPLIST_KEY_UISupportedInterfaceOrientations_iPad = "UIInterfaceOrientationPortrait UIInterfaceOrientationPortraitUpsideDown UIInterfaceOrientationLandscapeLeft UIInterfaceOrientationLandscapeRight";
				INFOPLIST_KEY_UISupportedInterfaceOrientations_iPhone = "UIInterfaceOrientationPortrait UIInterfaceOrientationLandscapeLeft UIInterfaceOrientationLandscapeRight";
				LD_RUNPATH_SEARCH_PATHS = (
					"$(inherited)",
					"@executable_path/Frameworks",
				);
				MARKETING_VERSION = 1.0;
				PRODUCT_BUNDLE_IDENTIFIER = bm.com.FinalProject;
				PRODUCT_NAME = "$(TARGET_NAME)";
				SWIFT_EMIT_LOC_STRINGS = YES;
				SWIFT_VERSION = 5.0;
				TARGETED_DEVICE_FAMILY = "1,2";
			};
			name = Debug;
		};
		80AAB4D12A00481800AF745F /* Release */ = {
			isa = XCBuildConfiguration;
			buildSettings = {
				ASSETCATALOG_COMPILER_APPICON_NAME = AppIcon;
				ASSETCATALOG_COMPILER_GLOBAL_ACCENT_COLOR_NAME = AccentColor;
				CODE_SIGN_STYLE = Automatic;
				CURRENT_PROJECT_VERSION = 1;
				DEVELOPMENT_ASSET_PATHS = "\"FinalProject/Preview Content\"";
				DEVELOPMENT_TEAM = 33UFG9L9T6;
				ENABLE_PREVIEWS = YES;
				GENERATE_INFOPLIST_FILE = YES;
				INFOPLIST_KEY_UIApplicationSceneManifest_Generation = YES;
				INFOPLIST_KEY_UIApplicationSupportsIndirectInputEvents = YES;
				INFOPLIST_KEY_UILaunchScreen_Generation = YES;
				INFOPLIST_KEY_UISupportedInterfaceOrientations_iPad = "UIInterfaceOrientationPortrait UIInterfaceOrientationPortraitUpsideDown UIInterfaceOrientationLandscapeLeft UIInterfaceOrientationLandscapeRight";
				INFOPLIST_KEY_UISupportedInterfaceOrientations_iPhone = "UIInterfaceOrientationPortrait UIInterfaceOrientationLandscapeLeft UIInterfaceOrientationLandscapeRight";
				LD_RUNPATH_SEARCH_PATHS = (
					"$(inherited)",
					"@executable_path/Frameworks",
				);
				MARKETING_VERSION = 1.0;
				PRODUCT_BUNDLE_IDENTIFIER = bm.com.FinalProject;
				PRODUCT_NAME = "$(TARGET_NAME)";
				SWIFT_EMIT_LOC_STRINGS = YES;
				SWIFT_VERSION = 5.0;
				TARGETED_DEVICE_FAMILY = "1,2";
			};
			name = Release;
		};
		80AAB4D32A00481800AF745F /* Debug */ = {
			isa = XCBuildConfiguration;
			buildSettings = {
				ALWAYS_EMBED_SWIFT_STANDARD_LIBRARIES = YES;
				BUNDLE_LOADER = "$(TEST_HOST)";
				CODE_SIGN_STYLE = Automatic;
				CURRENT_PROJECT_VERSION = 1;
				DEVELOPMENT_TEAM = 33UFG9L9T6;
				GENERATE_INFOPLIST_FILE = YES;
				IPHONEOS_DEPLOYMENT_TARGET = 16.4;
				MARKETING_VERSION = 1.0;
				PRODUCT_BUNDLE_IDENTIFIER = bm.com.FinalProjectTests;
				PRODUCT_NAME = "$(TARGET_NAME)";
				SWIFT_EMIT_LOC_STRINGS = NO;
				SWIFT_VERSION = 5.0;
				TARGETED_DEVICE_FAMILY = "1,2";
				TEST_HOST = "$(BUILT_PRODUCTS_DIR)/FinalProject.app/$(BUNDLE_EXECUTABLE_FOLDER_PATH)/FinalProject";
			};
			name = Debug;
		};
		80AAB4D42A00481800AF745F /* Release */ = {
			isa = XCBuildConfiguration;
			buildSettings = {
				ALWAYS_EMBED_SWIFT_STANDARD_LIBRARIES = YES;
				BUNDLE_LOADER = "$(TEST_HOST)";
				CODE_SIGN_STYLE = Automatic;
				CURRENT_PROJECT_VERSION = 1;
				DEVELOPMENT_TEAM = 33UFG9L9T6;
				GENERATE_INFOPLIST_FILE = YES;
				IPHONEOS_DEPLOYMENT_TARGET = 16.4;
				MARKETING_VERSION = 1.0;
				PRODUCT_BUNDLE_IDENTIFIER = bm.com.FinalProjectTests;
				PRODUCT_NAME = "$(TARGET_NAME)";
				SWIFT_EMIT_LOC_STRINGS = NO;
				SWIFT_VERSION = 5.0;
				TARGETED_DEVICE_FAMILY = "1,2";
				TEST_HOST = "$(BUILT_PRODUCTS_DIR)/FinalProject.app/$(BUNDLE_EXECUTABLE_FOLDER_PATH)/FinalProject";
			};
			name = Release;
		};
		80AAB4D62A00481800AF745F /* Debug */ = {
			isa = XCBuildConfiguration;
			buildSettings = {
				ALWAYS_EMBED_SWIFT_STANDARD_LIBRARIES = YES;
				CODE_SIGN_STYLE = Automatic;
				CURRENT_PROJECT_VERSION = 1;
				DEVELOPMENT_TEAM = 33UFG9L9T6;
				GENERATE_INFOPLIST_FILE = YES;
				MARKETING_VERSION = 1.0;
				PRODUCT_BUNDLE_IDENTIFIER = bm.com.FinalProjectUITests;
				PRODUCT_NAME = "$(TARGET_NAME)";
				SWIFT_EMIT_LOC_STRINGS = NO;
				SWIFT_VERSION = 5.0;
				TARGETED_DEVICE_FAMILY = "1,2";
				TEST_TARGET_NAME = FinalProject;
			};
			name = Debug;
		};
		80AAB4D72A00481800AF745F /* Release */ = {
			isa = XCBuildConfiguration;
			buildSettings = {
				ALWAYS_EMBED_SWIFT_STANDARD_LIBRARIES = YES;
				CODE_SIGN_STYLE = Automatic;
				CURRENT_PROJECT_VERSION = 1;
				DEVELOPMENT_TEAM = 33UFG9L9T6;
				GENERATE_INFOPLIST_FILE = YES;
				MARKETING_VERSION = 1.0;
				PRODUCT_BUNDLE_IDENTIFIER = bm.com.FinalProjectUITests;
				PRODUCT_NAME = "$(TARGET_NAME)";
				SWIFT_EMIT_LOC_STRINGS = NO;
				SWIFT_VERSION = 5.0;
				TARGETED_DEVICE_FAMILY = "1,2";
				TEST_TARGET_NAME = FinalProject;
			};
			name = Release;
		};
/* End XCBuildConfiguration section */

/* Begin XCConfigurationList section */
		80AAB4A12A00481600AF745F /* Build configuration list for PBXProject "FinalProject" */ = {
			isa = XCConfigurationList;
			buildConfigurations = (
				80AAB4CD2A00481800AF745F /* Debug */,
				80AAB4CE2A00481800AF745F /* Release */,
			);
			defaultConfigurationIsVisible = 0;
			defaultConfigurationName = Release;
		};
		80AAB4CF2A00481800AF745F /* Build configuration list for PBXNativeTarget "FinalProject" */ = {
			isa = XCConfigurationList;
			buildConfigurations = (
				80AAB4D02A00481800AF745F /* Debug */,
				80AAB4D12A00481800AF745F /* Release */,
			);
			defaultConfigurationIsVisible = 0;
			defaultConfigurationName = Release;
		};
		80AAB4D22A00481800AF745F /* Build configuration list for PBXNativeTarget "FinalProjectTests" */ = {
			isa = XCConfigurationList;
			buildConfigurations = (
				80AAB4D32A00481800AF745F /* Debug */,
				80AAB4D42A00481800AF745F /* Release */,
			);
			defaultConfigurationIsVisible = 0;
			defaultConfigurationName = Release;
		};
		80AAB4D52A00481800AF745F /* Build configuration list for PBXNativeTarget "FinalProjectUITests" */ = {
			isa = XCConfigurationList;
			buildConfigurations = (
				80AAB4D62A00481800AF745F /* Debug */,
				80AAB4D72A00481800AF745F /* Release */,
			);
			defaultConfigurationIsVisible = 0;
			defaultConfigurationName = Release;
		};
/* End XCConfigurationList section */

/* Begin XCVersionGroup section */
		80AAB4B42A00481800AF745F /* FinalProject.xcdatamodeld */ = {
			isa = XCVersionGroup;
			children = (
				80AAB4B52A00481800AF745F /* FinalProject.xcdatamodel */,
			);
			currentVersion = 80AAB4B52A00481800AF745F /* FinalProject.xcdatamodel */;
			path = FinalProject.xcdatamodeld;
			sourceTree = "<group>";
			versionGroupType = wrapper.xcdatamodel;
		};
/* End XCVersionGroup section */
	};
	rootObject = 80AAB49E2A00481600AF745F /* Project object */;
}
